
Microsoft Visual Studio Solution File, Format Version 12.00
# Visual Studio Version 17
VisualStudioVersion = 17.6.33801.468
MinimumVisualStudioVersion = 10.0.40219.1
Project("{888888A0-9F3D-457C-B088-3A5042F75D52}") = "Actividad 6", "Actividad 6.pyproj", "{EE19FA93-3015-41EF-AFB3-83A0797B522A}"
EndProject
Global
	GlobalSection(SolutionConfigurationPlatforms) = preSolution
		Debug|Any CPU = Debug|Any CPU
		Release|Any CPU = Release|Any CPU
	EndGlobalSection
	GlobalSection(ProjectConfigurationPlatforms) = postSolution
		{EE19FA93-3015-41EF-AFB3-83A0797B522A}.Debug|Any CPU.ActiveCfg = Debug|Any CPU
		{EE19FA93-3015-41EF-AFB3-83A0797B522A}.Release|Any CPU.ActiveCfg = Release|Any CPU
	EndGlobalSection
	GlobalSection(SolutionProperties) = preSolution
		HideSolutionNode = FALSE
	EndGlobalSection
	GlobalSection(ExtensibilityGlobals) = postSolution
		SolutionGuid = {D8FB47F8-E582-482F-BF20-0862FF2C97CC}
	EndGlobalSection
EndGlobal
